
Microsoft Visual Studio Solution File, Format Version 12.00
# Visual Studio Version 16
VisualStudioVersion = 16.0.29411.108
MinimumVisualStudioVersion = 10.0.40219.1
Project("{FAE04EC0-301F-11D3-BF4B-00C04F79EFBC}") = "SistemaSolar", "SistemaSolar\SistemaSolar.csproj", "{62739F8E-13A6-4B85-9FA2-5E4E4086AC96}"
EndProject
Project("{2150E333-8FDC-42A3-9474-1A3956D46DE8}") = "Backend", "Backend", "{AC6F065C-CFF2-4A87-A4F2-97BBEDE11E25}"
EndProject
Project("{FAE04EC0-301F-11D3-BF4B-00C04F79EFBC}") = "WSSistemaSolar", "WSSistemaSolar\WSSistemaSolar.csproj", "{6688EE79-3BB7-4249-AC5A-4CAAF366FE00}"
EndProject
Project("{FAE04EC0-301F-11D3-BF4B-00C04F79EFBC}") = "EntitySistemaSolar", "EntitySistemaSolar\EntitySistemaSolar.csproj", "{FAAF8681-E202-4D20-8153-281E65442A5C}"
EndProject
Global
	GlobalSection(SolutionConfigurationPlatforms) = preSolution
		Debug|Any CPU = Debug|Any CPU
		Release|Any CPU = Release|Any CPU
	EndGlobalSection
	GlobalSection(ProjectConfigurationPlatforms) = postSolution
		{62739F8E-13A6-4B85-9FA2-5E4E4086AC96}.Debug|Any CPU.ActiveCfg = Debug|Any CPU
		{62739F8E-13A6-4B85-9FA2-5E4E4086AC96}.Debug|Any CPU.Build.0 = Debug|Any CPU
		{62739F8E-13A6-4B85-9FA2-5E4E4086AC96}.Release|Any CPU.ActiveCfg = Release|Any CPU
		{62739F8E-13A6-4B85-9FA2-5E4E4086AC96}.Release|Any CPU.Build.0 = Release|Any CPU
		{6688EE79-3BB7-4249-AC5A-4CAAF366FE00}.Debug|Any CPU.ActiveCfg = Debug|Any CPU
		{6688EE79-3BB7-4249-AC5A-4CAAF366FE00}.Debug|Any CPU.Build.0 = Debug|Any CPU
		{6688EE79-3BB7-4249-AC5A-4CAAF366FE00}.Release|Any CPU.ActiveCfg = Release|Any CPU
		{6688EE79-3BB7-4249-AC5A-4CAAF366FE00}.Release|Any CPU.Build.0 = Release|Any CPU
		{FAAF8681-E202-4D20-8153-281E65442A5C}.Debug|Any CPU.ActiveCfg = Debug|Any CPU
		{FAAF8681-E202-4D20-8153-281E65442A5C}.Debug|Any CPU.Build.0 = Debug|Any CPU
		{FAAF8681-E202-4D20-8153-281E65442A5C}.Release|Any CPU.ActiveCfg = Release|Any CPU
		{FAAF8681-E202-4D20-8153-281E65442A5C}.Release|Any CPU.Build.0 = Release|Any CPU
	EndGlobalSection
	GlobalSection(SolutionProperties) = preSolution
		HideSolutionNode = FALSE
	EndGlobalSection
	GlobalSection(NestedProjects) = preSolution
		{6688EE79-3BB7-4249-AC5A-4CAAF366FE00} = {AC6F065C-CFF2-4A87-A4F2-97BBEDE11E25}
		{FAAF8681-E202-4D20-8153-281E65442A5C} = {AC6F065C-CFF2-4A87-A4F2-97BBEDE11E25}
	EndGlobalSection
	GlobalSection(ExtensibilityGlobals) = postSolution
		SolutionGuid = {A394B653-02DA-4A7F-AB53-5EF0AF0FE9F0}
	EndGlobalSection
EndGlobal
